{
  "nodes": {
    "ci-detector": {
      "inputs": {
        "nixpkgs": "nixpkgs"
      },
      "locked": {
        "lastModified": 1669309747,
        "narHash": "sha256-SFho/PBdxo1e9ZZIRyr9NT6oxgzMbBOqrG2+w5mmtrg=",
        "owner": "loophp",
        "repo": "ci-detector",
        "rev": "032c6633232bca9699bb7914da61683a23d09abf",
        "type": "github"
      },
      "original": {
        "owner": "loophp",
        "repo": "ci-detector",
        "type": "github"
      }
    },
    "ec-fonts": {
      "inputs": {
        "flake-utils": "flake-utils",
        "nixpkgs": "nixpkgs_2"
      },
      "locked": {
        "lastModified": 1669200169,
        "narHash": "sha256-dvdccKMpVx4fzbwrt9K//d9tUo4HTjJz1gwtGoaCGQc=",
        "ref": "refs/heads/main",
        "rev": "e1d12259e84fe44bd82ee16913daa637908393ab",
        "revCount": 1,
        "type": "git",
        "url": "https://code.europa.eu/pol/ec-fonts/"
      },
      "original": {
        "type": "git",
        "url": "https://code.europa.eu/pol/ec-fonts/"
      }
    },
    "flake-utils": {
      "locked": {
        "lastModified": 1667395993,
        "narHash": "sha256-nuEHfE/LcWyuSWnS8t12N1wc105Qtau+/OdUAjtQ0rA=",
        "owner": "numtide",
        "repo": "flake-utils",
        "rev": "5aed5285a952e0b949eb3ba02c12fa4fcfef535f",
        "type": "github"
      },
      "original": {
        "owner": "numtide",
        "repo": "flake-utils",
        "type": "github"
      }
    },
    "flake-utils_2": {
      "locked": {
        "lastModified": 1667395993,
        "narHash": "sha256-nuEHfE/LcWyuSWnS8t12N1wc105Qtau+/OdUAjtQ0rA=",
        "owner": "numtide",
        "repo": "flake-utils",
        "rev": "5aed5285a952e0b949eb3ba02c12fa4fcfef535f",
        "type": "github"
      },
      "original": {
        "owner": "numtide",
        "repo": "flake-utils",
        "type": "github"
      }
    },
    "flake-utils_3": {
      "locked": {
        "lastModified": 1667395993,
        "narHash": "sha256-nuEHfE/LcWyuSWnS8t12N1wc105Qtau+/OdUAjtQ0rA=",
        "owner": "numtide",
        "repo": "flake-utils",
        "rev": "5aed5285a952e0b949eb3ba02c12fa4fcfef535f",
        "type": "github"
      },
      "original": {
        "owner": "numtide",
        "repo": "flake-utils",
        "type": "github"
      }
    },
    "nix-filter": {
      "locked": {
        "lastModified": 1666547822,
        "narHash": "sha256-razwnAybPHyoAyhkKCwXdxihIqJi1G6e1XP4FQOJTEs=",
        "owner": "numtide",
        "repo": "nix-filter",
        "rev": "1a3b735e13e90a8d2fd5629f2f8363bd7ffbbec7",
        "type": "github"
      },
      "original": {
        "owner": "numtide",
        "repo": "nix-filter",
        "type": "github"
      }
    },
    "nixpkgs": {
      "locked": {
        "lastModified": 1669207345,
        "narHash": "sha256-KwfRW0f70Y19EkbB6D9wy7AoYqCYPuIL/2taiJPvuxg=",
        "owner": "NixOS",
        "repo": "nixpkgs",
        "rev": "3ea5616c21dd186129f90a86c66352359a45cb07",
        "type": "github"
      },
      "original": {
        "owner": "NixOS",
        "ref": "nixpkgs-unstable",
        "repo": "nixpkgs",
        "type": "github"
      }
    },
    "nixpkgs_2": {
      "locked": {
        "lastModified": 1669165918,
        "narHash": "sha256-hIVruk2+0wmw/Kfzy11rG3q7ev3VTi/IKVODeHcVjFo=",
        "owner": "NixOS",
        "repo": "nixpkgs",
        "rev": "3b400a525d92e4085e46141ff48cbf89fd89739e",
        "type": "github"
      },
      "original": {
        "owner": "NixOS",
        "ref": "nixpkgs-unstable",
        "repo": "nixpkgs",
        "type": "github"
      }
    },
    "nixpkgs_3": {
      "locked": {
        "lastModified": 1669261230,
        "narHash": "sha256-AjddxRPd5y5jge77281P3O8+Cnafj842Xg59rwV4x+0=",
        "owner": "NixOS",
        "repo": "nixpkgs",
        "rev": "8e8b5f3b1e899bf5d250279578c0283705b8cdb4",
        "type": "github"
      },
      "original": {
        "owner": "NixOS",
        "ref": "nixpkgs-unstable",
        "repo": "nixpkgs",
        "type": "github"
      }
    },
    "nixpkgs_4": {
      "locked": {
        "lastModified": 1668058645,
        "narHash": "sha256-vHAXeYfKVO6ZbDN0GquEPVFZ42LzlYoX4ZWuKteFzj0=",
        "owner": "NixOS",
        "repo": "nixpkgs",
        "rev": "d01cb18be494e3d860fcfe6be4ad63614360333c",
        "type": "github"
      },
      "original": {
        "owner": "NixOS",
        "ref": "nixpkgs-unstable",
        "repo": "nixpkgs",
        "type": "github"
      }
    },
    "root": {
      "inputs": {
        "ci-detector": "ci-detector",
        "ec-fonts": "ec-fonts",
        "flake-utils": "flake-utils_2",
        "nixpkgs": "nixpkgs_3",
        "theme-ec": "theme-ec"
      }
    },
    "theme-ec": {
      "inputs": {
        "flake-utils": "flake-utils_3",
        "nix-filter": "nix-filter",
        "nixpkgs": "nixpkgs_4"
      },
      "locked": {
        "lastModified": 1669149470,
        "narHash": "sha256-jx/GjIL/ePMNVQp2S9M7kASKR5HxyIYmulHLGtFxUCg=",
        "ref": "refs/heads/master",
        "rev": "02c1ec358242b386e262b190e144e611b88d067e",
        "revCount": 79,
        "type": "git",
        "url": "https://code.europa.eu/pol/european-commission-latex-beamer-theme/"
      },
      "original": {
        "type": "git",
        "url": "https://code.europa.eu/pol/european-commission-latex-beamer-theme/"
      }
    }
  },
  "root": "root",
  "version": 7
}
